
Microsoft Visual Studio Solution File, Format Version 12.00
# Visual Studio Version 17
VisualStudioVersion = 17.0.31903.59
MinimumVisualStudioVersion = 10.0.40219.1
Project("{F2A71F9B-5D33-465A-A702-920D77279786}") = "HelloWorld", "HelloWorld\HelloWorld.fsproj", "{CA45EB8D-2425-4190-A545-5C2CBA92ADDB}"
EndProject
Project("{F2A71F9B-5D33-465A-A702-920D77279786}") = "DrivingApp", "DrivingApp\DrivingApp.fsproj", "{6166E969-D1D7-4142-8CDF-5A4FE57EDCE6}"
EndProject
Project("{FAE04EC0-301F-11D3-BF4B-00C04F79EFBC}") = "CSharpLib", "CSharpLib\CSharpLib.csproj", "{541F35ED-E555-4B8A-A68F-63D917C7D557}"
EndProject
Project("{F2A71F9B-5D33-465A-A702-920D77279786}") = "CSharpInteropApp", "CSharpInteropApp\CSharpInteropApp.fsproj", "{43CD9722-9DC9-451D-9EFD-C36F161BAB79}"
EndProject
Project("{F2A71F9B-5D33-465A-A702-920D77279786}") = "GiraffeApi", "GiraffeApi\GiraffeApi.fsproj", "{A9FB663F-9AA6-4B3E-9A87-2213C3339653}"
EndProject
Project("{2150E333-8FDC-42A3-9474-1A3956D46DE8}") = "bikes", "bikes", "{702CBA06-6E86-4B34-B6CE-19FD315210D4}"
EndProject
Project("{F2A71F9B-5D33-465A-A702-920D77279786}") = "BikeStore", "bikes\BikeStore\BikeStore.fsproj", "{0807A15D-4093-4A1F-9EF4-92F22CC56A34}"
EndProject
Project("{F2A71F9B-5D33-465A-A702-920D77279786}") = "PlotlyApp", "PlotlyApp\PlotlyApp.fsproj", "{653EA5A8-9BAE-4796-BE56-8B11ED00B910}"
EndProject
Global
	GlobalSection(SolutionConfigurationPlatforms) = preSolution
		Debug|Any CPU = Debug|Any CPU
		Release|Any CPU = Release|Any CPU
	EndGlobalSection
	GlobalSection(SolutionProperties) = preSolution
		HideSolutionNode = FALSE
	EndGlobalSection
	GlobalSection(ProjectConfigurationPlatforms) = postSolution
		{CA45EB8D-2425-4190-A545-5C2CBA92ADDB}.Debug|Any CPU.ActiveCfg = Debug|Any CPU
		{CA45EB8D-2425-4190-A545-5C2CBA92ADDB}.Debug|Any CPU.Build.0 = Debug|Any CPU
		{CA45EB8D-2425-4190-A545-5C2CBA92ADDB}.Release|Any CPU.ActiveCfg = Release|Any CPU
		{CA45EB8D-2425-4190-A545-5C2CBA92ADDB}.Release|Any CPU.Build.0 = Release|Any CPU
		{6166E969-D1D7-4142-8CDF-5A4FE57EDCE6}.Debug|Any CPU.ActiveCfg = Debug|Any CPU
		{6166E969-D1D7-4142-8CDF-5A4FE57EDCE6}.Debug|Any CPU.Build.0 = Debug|Any CPU
		{6166E969-D1D7-4142-8CDF-5A4FE57EDCE6}.Release|Any CPU.ActiveCfg = Release|Any CPU
		{6166E969-D1D7-4142-8CDF-5A4FE57EDCE6}.Release|Any CPU.Build.0 = Release|Any CPU
		{541F35ED-E555-4B8A-A68F-63D917C7D557}.Debug|Any CPU.ActiveCfg = Debug|Any CPU
		{541F35ED-E555-4B8A-A68F-63D917C7D557}.Debug|Any CPU.Build.0 = Debug|Any CPU
		{541F35ED-E555-4B8A-A68F-63D917C7D557}.Release|Any CPU.ActiveCfg = Release|Any CPU
		{541F35ED-E555-4B8A-A68F-63D917C7D557}.Release|Any CPU.Build.0 = Release|Any CPU
		{43CD9722-9DC9-451D-9EFD-C36F161BAB79}.Debug|Any CPU.ActiveCfg = Debug|Any CPU
		{43CD9722-9DC9-451D-9EFD-C36F161BAB79}.Debug|Any CPU.Build.0 = Debug|Any CPU
		{43CD9722-9DC9-451D-9EFD-C36F161BAB79}.Release|Any CPU.ActiveCfg = Release|Any CPU
		{43CD9722-9DC9-451D-9EFD-C36F161BAB79}.Release|Any CPU.Build.0 = Release|Any CPU
		{A9FB663F-9AA6-4B3E-9A87-2213C3339653}.Debug|Any CPU.ActiveCfg = Debug|Any CPU
		{A9FB663F-9AA6-4B3E-9A87-2213C3339653}.Debug|Any CPU.Build.0 = Debug|Any CPU
		{A9FB663F-9AA6-4B3E-9A87-2213C3339653}.Release|Any CPU.ActiveCfg = Release|Any CPU
		{A9FB663F-9AA6-4B3E-9A87-2213C3339653}.Release|Any CPU.Build.0 = Release|Any CPU
		{0807A15D-4093-4A1F-9EF4-92F22CC56A34}.Debug|Any CPU.ActiveCfg = Debug|Any CPU
		{0807A15D-4093-4A1F-9EF4-92F22CC56A34}.Debug|Any CPU.Build.0 = Debug|Any CPU
		{0807A15D-4093-4A1F-9EF4-92F22CC56A34}.Release|Any CPU.ActiveCfg = Release|Any CPU
		{0807A15D-4093-4A1F-9EF4-92F22CC56A34}.Release|Any CPU.Build.0 = Release|Any CPU
		{653EA5A8-9BAE-4796-BE56-8B11ED00B910}.Debug|Any CPU.ActiveCfg = Debug|Any CPU
		{653EA5A8-9BAE-4796-BE56-8B11ED00B910}.Debug|Any CPU.Build.0 = Debug|Any CPU
		{653EA5A8-9BAE-4796-BE56-8B11ED00B910}.Release|Any CPU.ActiveCfg = Release|Any CPU
		{653EA5A8-9BAE-4796-BE56-8B11ED00B910}.Release|Any CPU.Build.0 = Release|Any CPU
	EndGlobalSection
	GlobalSection(NestedProjects) = preSolution
		{0807A15D-4093-4A1F-9EF4-92F22CC56A34} = {702CBA06-6E86-4B34-B6CE-19FD315210D4}
	EndGlobalSection
EndGlobal
